// !$*UTF8*$!
{
	archiveVersion = 1;
	classes = {
	};
	objectVersion = 46;
	objects = {

/* Begin PBXBuildFile section */
		B85A46011E82B40C00057AD5 /* main.m in Sources */ = {isa = PBXBuildFile; fileRef = B85A46001E82B40C00057AD5 /* main.m */; };
		B85A46071E82B6AD00057AD5 /* YHPInsertSort.m in Sources */ = {isa = PBXBuildFile; fileRef = B85A46061E82B6AD00057AD5 /* YHPInsertSort.m */; };
		B88250F61E7ECFD4007E9954 /* main.m in Sources */ = {isa = PBXBuildFile; fileRef = B88250F51E7ECFD4007E9954 /* main.m */; };
		B89513111E8AA2DD0056FD48 /* YHPQuickSort.m in Sources */ = {isa = PBXBuildFile; fileRef = B89513101E8AA2DD0056FD48 /* YHPQuickSort.m */; };
		B89513591E8D5B740056FD48 /* YHPDay20.m in Sources */ = {isa = PBXBuildFile; fileRef = B89513581E8D5B740056FD48 /* YHPDay20.m */; };
/* End PBXBuildFile section */

/* Begin PBXCopyFilesBuildPhase section */
		B85A45FC1E82B40C00057AD5 /* CopyFiles */ = {
			isa = PBXCopyFilesBuildPhase;
			buildActionMask = 2147483647;
			dstPath = /usr/share/man/man1/;
			dstSubfolderSpec = 0;
			files = (
			);
			runOnlyForDeploymentPostprocessing = 1;
		};
		B88250F01E7ECFD4007E9954 /* CopyFiles */ = {
			isa = PBXCopyFilesBuildPhase;
			buildActionMask = 2147483647;
			dstPath = /usr/share/man/man1/;
			dstSubfolderSpec = 0;
			files = (
			);
			runOnlyForDeploymentPostprocessing = 1;
		};
/* End PBXCopyFilesBuildPhase section */

/* Begin PBXFileReference section */
		B85A45FE1E82B40C00057AD5 /* algoSort */ = {isa = PBXFileReference; explicitFileType = "compiled.mach-o.executable"; includeInIndex = 0; path = algoSort; sourceTree = BUILT_PRODUCTS_DIR; };
		B85A46001E82B40C00057AD5 /* main.m */ = {isa = PBXFileReference; lastKnownFileType = sourcecode.c.objc; path = main.m; sourceTree = "<group>"; };
		B85A46051E82B6AD00057AD5 /* YHPInsertSort.h */ = {isa = PBXFileReference; fileEncoding = 4; lastKnownFileType = sourcecode.c.h; path = YHPInsertSort.h; sourceTree = "<group>"; };
		B85A46061E82B6AD00057AD5 /* YHPInsertSort.m */ = {isa = PBXFileReference; fileEncoding = 4; lastKnownFileType = sourcecode.c.objc; path = YHPInsertSort.m; sourceTree = "<group>"; };
		B88250F21E7ECFD4007E9954 /* day20 */ = {isa = PBXFileReference; explicitFileType = "compiled.mach-o.executable"; includeInIndex = 0; path = day20; sourceTree = BUILT_PRODUCTS_DIR; };
		B88250F51E7ECFD4007E9954 /* main.m */ = {isa = PBXFileReference; lastKnownFileType = sourcecode.c.objc; path = main.m; sourceTree = "<group>"; };
		B895130F1E8AA2DD0056FD48 /* YHPQuickSort.h */ = {isa = PBXFileReference; fileEncoding = 4; lastKnownFileType = sourcecode.c.h; path = YHPQuickSort.h; sourceTree = "<group>"; };
		B89513101E8AA2DD0056FD48 /* YHPQuickSort.m */ = {isa = PBXFileReference; fileEncoding = 4; lastKnownFileType = sourcecode.c.objc; path = YHPQuickSort.m; sourceTree = "<group>"; };
		B89513571E8D5B740056FD48 /* YHPDay20.h */ = {isa = PBXFileReference; fileEncoding = 4; lastKnownFileType = sourcecode.c.h; path = YHPDay20.h; sourceTree = "<group>"; };
		B89513581E8D5B740056FD48 /* YHPDay20.m */ = {isa = PBXFileReference; fileEncoding = 4; lastKnownFileType = sourcecode.c.objc; path = YHPDay20.m; sourceTree = "<group>"; };
/* End PBXFileReference section */

/* Begin PBXFrameworksBuildPhase section */
		B85A45FB1E82B40C00057AD5 /* Frameworks */ = {
			isa = PBXFrameworksBuildPhase;
			buildActionMask = 2147483647;
			files = (
			);
			runOnlyForDeploymentPostprocessing = 0;
		};
		B88250EF1E7ECFD4007E9954 /* Frameworks */ = {
			isa = PBXFrameworksBuildPhase;
			buildActionMask = 2147483647;
			files = (
			);
			runOnlyForDeploymentPostprocessing = 0;
		};
/* End PBXFrameworksBuildPhase section */

/* Begin PBXGroup section */
		B85A45FF1E82B40C00057AD5 /* algoSort */ = {
			isa = PBXGroup;
			children = (
				B85A46001E82B40C00057AD5 /* main.m */,
				B85A46051E82B6AD00057AD5 /* YHPInsertSort.h */,
				B85A46061E82B6AD00057AD5 /* YHPInsertSort.m */,
				B895130F1E8AA2DD0056FD48 /* YHPQuickSort.h */,
				B89513101E8AA2DD0056FD48 /* YHPQuickSort.m */,
			);
			path = algoSort;
			sourceTree = "<group>";
		};
		B88250E91E7ECFD4007E9954 = {
			isa = PBXGroup;
			children = (
				B88250F41E7ECFD4007E9954 /* day20 */,
				B85A45FF1E82B40C00057AD5 /* algoSort */,
				B88250F31E7ECFD4007E9954 /* Products */,
			);
			sourceTree = "<group>";
		};
		B88250F31E7ECFD4007E9954 /* Products */ = {
			isa = PBXGroup;
			children = (
				B88250F21E7ECFD4007E9954 /* day20 */,
				B85A45FE1E82B40C00057AD5 /* algoSort */,
			);
			name = Products;
			sourceTree = "<group>";
		};
		B88250F41E7ECFD4007E9954 /* day20 */ = {
			isa = PBXGroup;
			children = (
				B88250F51E7ECFD4007E9954 /* main.m */,
				B89513571E8D5B740056FD48 /* YHPDay20.h */,
				B89513581E8D5B740056FD48 /* YHPDay20.m */,
			);
			path = day20;
			sourceTree = "<group>";
		};
/* End PBXGroup section */

/* Begin PBXNativeTarget section */
		B85A45FD1E82B40C00057AD5 /* algoSort */ = {
			isa = PBXNativeTarget;
			buildConfigurationList = B85A46041E82B40C00057AD5 /* Build configuration list for PBXNativeTarget "algoSort" */;
			buildPhases = (
				B85A45FA1E82B40C00057AD5 /* Sources */,
				B85A45FB1E82B40C00057AD5 /* Frameworks */,
				B85A45FC1E82B40C00057AD5 /* CopyFiles */,
			);
			buildRules = (
			);
			dependencies = (
			);
			name = algoSort;
			productName = algoSort;
			productReference = B85A45FE1E82B40C00057AD5 /* algoSort */;
			productType = "com.apple.product-type.tool";
		};
		B88250F11E7ECFD4007E9954 /* day20 */ = {
			isa = PBXNativeTarget;
			buildConfigurationList = B88250F91E7ECFD4007E9954 /* Build configuration list for PBXNativeTarget "day20" */;
			buildPhases = (
				B88250EE1E7ECFD4007E9954 /* Sources */,
				B88250EF1E7ECFD4007E9954 /* Frameworks */,
				B88250F01E7ECFD4007E9954 /* CopyFiles */,
			);
			buildRules = (
			);
			dependencies = (
			);
			name = day20;
			productName = day20;
			productReference = B88250F21E7ECFD4007E9954 /* day20 */;
			productType = "com.apple.product-type.tool";
		};
/* End PBXNativeTarget section */

/* Begin PBXProject section */
		B88250EA1E7ECFD4007E9954 /* Project object */ = {
			isa = PBXProject;
			attributes = {
				CLASSPREFIX = YHP;
				LastUpgradeCheck = 0820;
				ORGANIZATIONNAME = YouHuaPei;
				TargetAttributes = {
					B85A45FD1E82B40C00057AD5 = {
						CreatedOnToolsVersion = 8.2.1;
						ProvisioningStyle = Automatic;
					};
					B88250F11E7ECFD4007E9954 = {
						CreatedOnToolsVersion = 8.2.1;
						ProvisioningStyle = Automatic;
					};
				};
			};
			buildConfigurationList = B88250ED1E7ECFD4007E9954 /* Build configuration list for PBXProject "day20" */;
			compatibilityVersion = "Xcode 3.2";
			developmentRegion = English;
			hasScannedForEncodings = 0;
			knownRegions = (
				en,
			);
			mainGroup = B88250E91E7ECFD4007E9954;
			productRefGroup = B88250F31E7ECFD4007E9954 /* Products */;
			projectDirPath = "";
			projectRoot = "";
			targets = (
				B88250F11E7ECFD4007E9954 /* day20 */,
				B85A45FD1E82B40C00057AD5 /* algoSort */,
			);
		};
/* End PBXProject section */

/* Begin PBXSourcesBuildPhase section */
		B85A45FA1E82B40C00057AD5 /* Sources */ = {
			isa = PBXSourcesBuildPhase;
			buildActionMask = 2147483647;
			files = (
				B85A46071E82B6AD00057AD5 /* YHPInsertSort.m in Sources */,
				B85A46011E82B40C00057AD5 /* main.m in Sources */,
				B89513111E8AA2DD0056FD48 /* YHPQuickSort.m in Sources */,
			);
			runOnlyForDeploymentPostprocessing = 0;
		};
		B88250EE1E7ECFD4007E9954 /* Sources */ = {
			isa = PBXSourcesBuildPhase;
			buildActionMask = 2147483647;
			files = (
				B89513591E8D5B740056FD48 /* YHPDay20.m in Sources */,
				B88250F61E7ECFD4007E9954 /* main.m in Sources */,
			);
			runOnlyForDeploymentPostprocessing = 0;
		};
/* End PBXSourcesBuildPhase section */

/* Begin XCBuildConfiguration section */
		B85A46021E82B40C00057AD5 /* Debug */ = {
			isa = XCBuildConfiguration;
			buildSettings = {
				PRODUCT_NAME = "$(TARGET_NAME)";
			};
			name = Debug;
		};
		B85A46031E82B40C00057AD5 /* Release */ = {
			isa = XCBuildConfiguration;
			buildSettings = {
				PRODUCT_NAME = "$(TARGET_NAME)";
			};
			name = Release;
		};
		B88250F71E7ECFD4007E9954 /* Debug */ = {
			isa = XCBuildConfiguration;
			buildSettings = {
				ALWAYS_SEARCH_USER_PATHS = NO;
				CLANG_ANALYZER_NONNULL = YES;
				CLANG_CXX_LANGUAGE_STANDARD = "gnu++0x";
				CLANG_CXX_LIBRARY = "libc++";
				CLANG_ENABLE_MODULES = YES;
				CLANG_ENABLE_OBJC_ARC = YES;
				CLANG_WARN_BOOL_CONVERSION = YES;
				CLANG_WARN_CONSTANT_CONVERSION = YES;
				CLANG_WARN_DIRECT_OBJC_ISA_USAGE = YES_ERROR;
				CLANG_WARN_DOCUMENTATION_COMMENTS = YES;
				CLANG_WARN_EMPTY_BODY = YES;
				CLANG_WARN_ENUM_CONVERSION = YES;
				CLANG_WARN_INFINITE_RECURSION = YES;
				CLANG_WARN_INT_CONVERSION = YES;
				CLANG_WARN_OBJC_ROOT_CLASS = YES_ERROR;
				CLANG_WARN_SUSPICIOUS_MOVE = YES;
				CLANG_WARN_UNREACHABLE_CODE = YES;
				CLANG_WARN__DUPLICATE_METHOD_MATCH = YES;
				CODE_SIGN_IDENTITY = "-";
				COPY_PHASE_STRIP = NO;
				DEBUG_INFORMATION_FORMAT = dwarf;
				ENABLE_STRICT_OBJC_MSGSEND = YES;
				ENABLE_TESTABILITY = YES;
				GCC_C_LANGUAGE_STANDARD = gnu99;
				GCC_DYNAMIC_NO_PIC = NO;
				GCC_NO_COMMON_BLOCKS = YES;
				GCC_OPTIMIZATION_LEVEL = 0;
				GCC_PREPROCESSOR_DEFINITIONS = (
					"DEBUG=1",
					"$(inherited)",
				);
				GCC_WARN_64_TO_32_BIT_CONVERSION = YES;
				GCC_WARN_ABOUT_RETURN_TYPE = YES_ERROR;
				GCC_WARN_UNDECLARED_SELECTOR = YES;
				GCC_WARN_UNINITIALIZED_AUTOS = YES_AGGRESSIVE;
				GCC_WARN_UNUSED_FUNCTION = YES;
				GCC_WARN_UNUSED_VARIABLE = YES;
				MACOSX_DEPLOYMENT_TARGET = 10.12;
				MTL_ENABLE_DEBUG_INFO = YES;
				ONLY_ACTIVE_ARCH = YES;
				SDKROOT = macosx;
			};
			name = Debug;
		};
		B88250F81E7ECFD4007E9954 /* Release */ = {
			isa = XCBuildConfiguration;
			buildSettings = {
				ALWAYS_SEARCH_USER_PATHS = NO;
				CLANG_ANALYZER_NONNULL = YES;
				CLANG_CXX_LANGUAGE_STANDARD = "gnu++0x";
				CLANG_CXX_LIBRARY = "libc++";
				CLANG_ENABLE_MODULES = YES;
				CLANG_ENABLE_OBJC_ARC = YES;
				CLANG_WARN_BOOL_CONVERSION = YES;
				CLANG_WARN_CONSTANT_CONVERSION = YES;
				CLANG_WARN_DIRECT_OBJC_ISA_USAGE = YES_ERROR;
				CLANG_WARN_DOCUMENTATION_COMMENTS = YES;
				CLANG_WARN_EMPTY_BODY = YES;
				CLANG_WARN_ENUM_CONVERSION = YES;
				CLANG_WARN_INFINITE_RECURSION = YES;
				CLANG_WARN_INT_CONVERSION = YES;
				CLANG_WARN_OBJC_ROOT_CLASS = YES_ERROR;
				CLANG_WARN_SUSPICIOUS_MOVE = YES;
				CLANG_WARN_UNREACHABLE_CODE = YES;
				CLANG_WARN__DUPLICATE_METHOD_MATCH = YES;
				CODE_SIGN_IDENTITY = "-";
				COPY_PHASE_STRIP = NO;
				DEBUG_INFORMATION_FORMAT = "dwarf-with-dsym";
				ENABLE_NS_ASSERTIONS = NO;
				ENABLE_STRICT_OBJC_MSGSEND = YES;
				GCC_C_LANGUAGE_STANDARD = gnu99;
				GCC_NO_COMMON_BLOCKS = YES;
				GCC_WARN_64_TO_32_BIT_CONVERSION = YES;
				GCC_WARN_ABOUT_RETURN_TYPE = YES_ERROR;
				GCC_WARN_UNDECLARED_SELECTOR = YES;
				GCC_WARN_UNINITIALIZED_AUTOS = YES_AGGRESSIVE;
				GCC_WARN_UNUSED_FUNCTION = YES;
				GCC_WARN_UNUSED_VARIABLE = YES;
				MACOSX_DEPLOYMENT_TARGET = 10.12;
				MTL_ENABLE_DEBUG_INFO = NO;
				SDKROOT = macosx;
			};
			name = Release;
		};
		B88250FA1E7ECFD4007E9954 /* Debug */ = {
			isa = XCBuildConfiguration;
			buildSettings = {
				PRODUCT_NAME = "$(TARGET_NAME)";
			};
			name = Debug;
		};
		B88250FB1E7ECFD4007E9954 /* Release */ = {
			isa = XCBuildConfiguration;
			buildSettings = {
				PRODUCT_NAME = "$(TARGET_NAME)";
			};
			name = Release;
		};
/* End XCBuildConfiguration section */

/* Begin XCConfigurationList section */
		B85A46041E82B40C00057AD5 /* Build configuration list for PBXNativeTarget "algoSort" */ = {
			isa = XCConfigurationList;
			buildConfigurations = (
				B85A46021E82B40C00057AD5 /* Debug */,
				B85A46031E82B40C00057AD5 /* Release */,
			);
			defaultConfigurationIsVisible = 0;
			defaultConfigurationName = Release;
		};
		B88250ED1E7ECFD4007E9954 /* Build configuration list for PBXProject "day20" */ = {
			isa = XCConfigurationList;
			buildConfigurations = (
				B88250F71E7ECFD4007E9954 /* Debug */,
				B88250F81E7ECFD4007E9954 /* Release */,
			);
			defaultConfigurationIsVisible = 0;
			defaultConfigurationName = Release;
		};
		B88250F91E7ECFD4007E9954 /* Build configuration list for PBXNativeTarget "day20" */ = {
			isa = XCConfigurationList;
			buildConfigurations = (
				B88250FA1E7ECFD4007E9954 /* Debug */,
				B88250FB1E7ECFD4007E9954 /* Release */,
			);
			defaultConfigurationIsVisible = 0;
			defaultConfigurationName = Release;
		};
/* End XCConfigurationList section */
	};
	rootObject = B88250EA1E7ECFD4007E9954 /* Project object */;
}
